
Microsoft Visual Studio Solution File, Format Version 12.00
# Visual Studio Version 16
VisualStudioVersion = 16.0.31829.152
MinimumVisualStudioVersion = 10.0.40219.1
Project("{FAE04EC0-301F-11D3-BF4B-00C04F79EFBC}") = "StudentAdminPortal.API", "StudentAdminPortal.API.csproj", "{AD8A8FE3-7088-4C0E-850F-88287A0EB68F}"
EndProject
Global
	GlobalSection(SolutionConfigurationPlatforms) = preSolution
		Debug|Any CPU = Debug|Any CPU
		Release|Any CPU = Release|Any CPU
	EndGlobalSection
	GlobalSection(ProjectConfigurationPlatforms) = postSolution
		{AD8A8FE3-7088-4C0E-850F-88287A0EB68F}.Debug|Any CPU.ActiveCfg = Debug|Any CPU
		{AD8A8FE3-7088-4C0E-850F-88287A0EB68F}.Debug|Any CPU.Build.0 = Debug|Any CPU
		{AD8A8FE3-7088-4C0E-850F-88287A0EB68F}.Release|Any CPU.ActiveCfg = Release|Any CPU
		{AD8A8FE3-7088-4C0E-850F-88287A0EB68F}.Release|Any CPU.Build.0 = Release|Any CPU
	EndGlobalSection
	GlobalSection(SolutionProperties) = preSolution
		HideSolutionNode = FALSE
	EndGlobalSection
	GlobalSection(ExtensibilityGlobals) = postSolution
		SolutionGuid = {73030487-40F1-427F-823B-14F3B5393F5C}
	EndGlobalSection
EndGlobal
